// !$*UTF8*$!
{
	archiveVersion = 1;
	classes = {
	};
	objectVersion = 56;
	objects = {

/* Begin PBXBuildFile section */
		F5F361FC2B7A3EF500E922E2 /* NSBarcelona_24Feb_App.swift in Sources */ = {isa = PBXBuildFile; fileRef = F5F361FB2B7A3EF500E922E2 /* NSBarcelona_24Feb_App.swift */; };
		F5F362002B7A3EF600E922E2 /* Assets.xcassets in Resources */ = {isa = PBXBuildFile; fileRef = F5F361FF2B7A3EF600E922E2 /* Assets.xcassets */; };
		F5F362032B7A3EF600E922E2 /* Preview Assets.xcassets in Resources */ = {isa = PBXBuildFile; fileRef = F5F362022B7A3EF600E922E2 /* Preview Assets.xcassets */; };
		F5F3620D2B7B8FBF00E922E2 /* AsyncView.swift in Sources */ = {isa = PBXBuildFile; fileRef = F5F3620C2B7B8FBF00E922E2 /* AsyncView.swift */; };
		F5F3620F2B7B8FF900E922E2 /* PlaceholderDataProvider.swift in Sources */ = {isa = PBXBuildFile; fileRef = F5F3620E2B7B8FF900E922E2 /* PlaceholderDataProvider.swift */; };
		F5F362112B7B901300E922E2 /* Shimmering.swift in Sources */ = {isa = PBXBuildFile; fileRef = F5F362102B7B901300E922E2 /* Shimmering.swift */; };
		F5F362132B7B902F00E922E2 /* BookList_V3.swift in Sources */ = {isa = PBXBuildFile; fileRef = F5F362122B7B902F00E922E2 /* BookList_V3.swift */; };
		F5F362142B7BAD2E00E922E2 /* BookList_V2.swift in Sources */ = {isa = PBXBuildFile; fileRef = F5F362092B7B895B00E922E2 /* BookList_V2.swift */; };
		F5F362152B7BAD3100E922E2 /* BookList_V1.swift in Sources */ = {isa = PBXBuildFile; fileRef = F5F361FD2B7A3EF500E922E2 /* BookList_V1.swift */; };
/* End PBXBuildFile section */

/* Begin PBXFileReference section */
		F5F361F82B7A3EF500E922E2 /* NSBarcelona-Feb24.app */ = {isa = PBXFileReference; explicitFileType = wrapper.application; includeInIndex = 0; path = "NSBarcelona-Feb24.app"; sourceTree = BUILT_PRODUCTS_DIR; };
		F5F361FB2B7A3EF500E922E2 /* NSBarcelona_24Feb_App.swift */ = {isa = PBXFileReference; lastKnownFileType = sourcecode.swift; path = NSBarcelona_24Feb_App.swift; sourceTree = "<group>"; };
		F5F361FD2B7A3EF500E922E2 /* BookList_V1.swift */ = {isa = PBXFileReference; lastKnownFileType = sourcecode.swift; path = BookList_V1.swift; sourceTree = "<group>"; };
		F5F361FF2B7A3EF600E922E2 /* Assets.xcassets */ = {isa = PBXFileReference; lastKnownFileType = folder.assetcatalog; path = Assets.xcassets; sourceTree = "<group>"; };
		F5F362022B7A3EF600E922E2 /* Preview Assets.xcassets */ = {isa = PBXFileReference; lastKnownFileType = folder.assetcatalog; path = "Preview Assets.xcassets"; sourceTree = "<group>"; };
		F5F362092B7B895B00E922E2 /* BookList_V2.swift */ = {isa = PBXFileReference; lastKnownFileType = sourcecode.swift; path = BookList_V2.swift; sourceTree = "<group>"; };
		F5F3620C2B7B8FBF00E922E2 /* AsyncView.swift */ = {isa = PBXFileReference; lastKnownFileType = sourcecode.swift; path = AsyncView.swift; sourceTree = "<group>"; };
		F5F3620E2B7B8FF900E922E2 /* PlaceholderDataProvider.swift */ = {isa = PBXFileReference; lastKnownFileType = sourcecode.swift; path = PlaceholderDataProvider.swift; sourceTree = "<group>"; };
		F5F362102B7B901300E922E2 /* Shimmering.swift */ = {isa = PBXFileReference; lastKnownFileType = sourcecode.swift; path = Shimmering.swift; sourceTree = "<group>"; };
		F5F362122B7B902F00E922E2 /* BookList_V3.swift */ = {isa = PBXFileReference; lastKnownFileType = sourcecode.swift; path = BookList_V3.swift; sourceTree = "<group>"; };
/* End PBXFileReference section */

/* Begin PBXFrameworksBuildPhase section */
		F5F361F52B7A3EF500E922E2 /* Frameworks */ = {
			isa = PBXFrameworksBuildPhase;
			buildActionMask = 2147483647;
			files = (
			);
			runOnlyForDeploymentPostprocessing = 0;
		};
/* End PBXFrameworksBuildPhase section */

/* Begin PBXGroup section */
		F5F361EF2B7A3EF500E922E2 = {
			isa = PBXGroup;
			children = (
				F5F361FA2B7A3EF500E922E2 /* AFS */,
				F5F361F92B7A3EF500E922E2 /* Products */,
			);
			sourceTree = "<group>";
		};
		F5F361F92B7A3EF500E922E2 /* Products */ = {
			isa = PBXGroup;
			children = (
				F5F361F82B7A3EF500E922E2 /* NSBarcelona-Feb24.app */,
			);
			name = Products;
			sourceTree = "<group>";
		};
		F5F361FA2B7A3EF500E922E2 /* AFS */ = {
			isa = PBXGroup;
			children = (
				F5F361FB2B7A3EF500E922E2 /* NSBarcelona_24Feb_App.swift */,
				F5F3620B2B7B8FB000E922E2 /* AsyncView */,
				F5F361FD2B7A3EF500E922E2 /* BookList_V1.swift */,
				F5F362092B7B895B00E922E2 /* BookList_V2.swift */,
				F5F362122B7B902F00E922E2 /* BookList_V3.swift */,
				F5F361FF2B7A3EF600E922E2 /* Assets.xcassets */,
				F5F362012B7A3EF600E922E2 /* Preview Content */,
			);
			path = AFS;
			sourceTree = "<group>";
		};
		F5F362012B7A3EF600E922E2 /* Preview Content */ = {
			isa = PBXGroup;
			children = (
				F5F362022B7A3EF600E922E2 /* Preview Assets.xcassets */,
			);
			path = "Preview Content";
			sourceTree = "<group>";
		};
		F5F3620B2B7B8FB000E922E2 /* AsyncView */ = {
			isa = PBXGroup;
			children = (
				F5F3620C2B7B8FBF00E922E2 /* AsyncView.swift */,
				F5F3620E2B7B8FF900E922E2 /* PlaceholderDataProvider.swift */,
				F5F362102B7B901300E922E2 /* Shimmering.swift */,
			);
			path = AsyncView;
			sourceTree = "<group>";
		};
/* End PBXGroup section */

/* Begin PBXNativeTarget section */
		F5F361F72B7A3EF500E922E2 /* NSBarcelona-Feb24 */ = {
			isa = PBXNativeTarget;
			buildConfigurationList = F5F362062B7A3EF600E922E2 /* Build configuration list for PBXNativeTarget "NSBarcelona-Feb24" */;
			buildPhases = (
				F5F361F42B7A3EF500E922E2 /* Sources */,
				F5F361F52B7A3EF500E922E2 /* Frameworks */,
				F5F361F62B7A3EF500E922E2 /* Resources */,
			);
			buildRules = (
			);
			dependencies = (
			);
			name = "NSBarcelona-Feb24";
			productName = AFS;
			productReference = F5F361F82B7A3EF500E922E2 /* NSBarcelona-Feb24.app */;
			productType = "com.apple.product-type.application";
		};
/* End PBXNativeTarget section */

/* Begin PBXProject section */
		F5F361F02B7A3EF500E922E2 /* Project object */ = {
			isa = PBXProject;
			attributes = {
				BuildIndependentTargetsInParallel = 1;
				LastSwiftUpdateCheck = 1520;
				LastUpgradeCheck = 1520;
				TargetAttributes = {
					F5F361F72B7A3EF500E922E2 = {
						CreatedOnToolsVersion = 15.2;
					};
				};
			};
			buildConfigurationList = F5F361F32B7A3EF500E922E2 /* Build configuration list for PBXProject "NSBarcelona-Feb24" */;
			compatibilityVersion = "Xcode 14.0";
			developmentRegion = en;
			hasScannedForEncodings = 0;
			knownRegions = (
				en,
				Base,
			);
			mainGroup = F5F361EF2B7A3EF500E922E2;
			productRefGroup = F5F361F92B7A3EF500E922E2 /* Products */;
			projectDirPath = "";
			projectRoot = "";
			targets = (
				F5F361F72B7A3EF500E922E2 /* NSBarcelona-Feb24 */,
			);
		};
/* End PBXProject section */

/* Begin PBXResourcesBuildPhase section */
		F5F361F62B7A3EF500E922E2 /* Resources */ = {
			isa = PBXResourcesBuildPhase;
			buildActionMask = 2147483647;
			files = (
				F5F362032B7A3EF600E922E2 /* Preview Assets.xcassets in Resources */,
				F5F362002B7A3EF600E922E2 /* Assets.xcassets in Resources */,
			);
			runOnlyForDeploymentPostprocessing = 0;
		};
/* End PBXResourcesBuildPhase section */

/* Begin PBXSourcesBuildPhase section */
		F5F361F42B7A3EF500E922E2 /* Sources */ = {
			isa = PBXSourcesBuildPhase;
			buildActionMask = 2147483647;
			files = (
				F5F361FC2B7A3EF500E922E2 /* NSBarcelona_24Feb_App.swift in Sources */,
				F5F362112B7B901300E922E2 /* Shimmering.swift in Sources */,
				F5F362142B7BAD2E00E922E2 /* BookList_V2.swift in Sources */,
				F5F3620F2B7B8FF900E922E2 /* PlaceholderDataProvider.swift in Sources */,
				F5F362152B7BAD3100E922E2 /* BookList_V1.swift in Sources */,
				F5F3620D2B7B8FBF00E922E2 /* AsyncView.swift in Sources */,
				F5F362132B7B902F00E922E2 /* BookList_V3.swift in Sources */,
			);
			runOnlyForDeploymentPostprocessing = 0;
		};
/* End PBXSourcesBuildPhase section */

/* Begin XCBuildConfiguration section */
		F5F362042B7A3EF600E922E2 /* Debug */ = {
			isa = XCBuildConfiguration;
			buildSettings = {
				ALWAYS_SEARCH_USER_PATHS = NO;
				ASSETCATALOG_COMPILER_GENERATE_SWIFT_ASSET_SYMBOL_EXTENSIONS = YES;
				CLANG_ANALYZER_NONNULL = YES;
				CLANG_ANALYZER_NUMBER_OBJECT_CONVERSION = YES_AGGRESSIVE;
				CLANG_CXX_LANGUAGE_STANDARD = "gnu++20";
				CLANG_ENABLE_MODULES = YES;
				CLANG_ENABLE_OBJC_ARC = YES;
				CLANG_ENABLE_OBJC_WEAK = YES;
				CLANG_WARN_BLOCK_CAPTURE_AUTORELEASING = YES;
				CLANG_WARN_BOOL_CONVERSION = YES;
				CLANG_WARN_COMMA = YES;
				CLANG_WARN_CONSTANT_CONVERSION = YES;
				CLANG_WARN_DEPRECATED_OBJC_IMPLEMENTATIONS = YES;
				CLANG_WARN_DIRECT_OBJC_ISA_USAGE = YES_ERROR;
				CLANG_WARN_DOCUMENTATION_COMMENTS = YES;
				CLANG_WARN_EMPTY_BODY = YES;
				CLANG_WARN_ENUM_CONVERSION = YES;
				CLANG_WARN_INFINITE_RECURSION = YES;
				CLANG_WARN_INT_CONVERSION = YES;
				CLANG_WARN_NON_LITERAL_NULL_CONVERSION = YES;
				CLANG_WARN_OBJC_IMPLICIT_RETAIN_SELF = YES;
				CLANG_WARN_OBJC_LITERAL_CONVERSION = YES;
				CLANG_WARN_OBJC_ROOT_CLASS = YES_ERROR;
				CLANG_WARN_QUOTED_INCLUDE_IN_FRAMEWORK_HEADER = YES;
				CLANG_WARN_RANGE_LOOP_ANALYSIS = YES;
				CLANG_WARN_STRICT_PROTOTYPES = YES;
				CLANG_WARN_SUSPICIOUS_MOVE = YES;
				CLANG_WARN_UNGUARDED_AVAILABILITY = YES_AGGRESSIVE;
				CLANG_WARN_UNREACHABLE_CODE = YES;
				CLANG_WARN__DUPLICATE_METHOD_MATCH = YES;
				COPY_PHASE_STRIP = NO;
				DEBUG_INFORMATION_FORMAT = dwarf;
				ENABLE_STRICT_OBJC_MSGSEND = YES;
				ENABLE_TESTABILITY = YES;
				ENABLE_USER_SCRIPT_SANDBOXING = YES;
				GCC_C_LANGUAGE_STANDARD = gnu17;
				GCC_DYNAMIC_NO_PIC = NO;
				GCC_NO_COMMON_BLOCKS = YES;
				GCC_OPTIMIZATION_LEVEL = 0;
				GCC_PREPROCESSOR_DEFINITIONS = (
					"DEBUG=1",
					"$(inherited)",
				);
				GCC_WARN_64_TO_32_BIT_CONVERSION = YES;
				GCC_WARN_ABOUT_RETURN_TYPE = YES_ERROR;
				GCC_WARN_UNDECLARED_SELECTOR = YES;
				GCC_WARN_UNINITIALIZED_AUTOS = YES_AGGRESSIVE;
				GCC_WARN_UNUSED_FUNCTION = YES;
				GCC_WARN_UNUSED_VARIABLE = YES;
				IPHONEOS_DEPLOYMENT_TARGET = 17.2;
				LOCALIZATION_PREFERS_STRING_CATALOGS = YES;
				MTL_ENABLE_DEBUG_INFO = INCLUDE_SOURCE;
				MTL_FAST_MATH = YES;
				ONLY_ACTIVE_ARCH = YES;
				SDKROOT = iphoneos;
				SWIFT_ACTIVE_COMPILATION_CONDITIONS = "DEBUG $(inherited)";
				SWIFT_OPTIMIZATION_LEVEL = "-Onone";
			};
			name = Debug;
		};
		F5F362052B7A3EF600E922E2 /* Release */ = {
			isa = XCBuildConfiguration;
			buildSettings = {
				ALWAYS_SEARCH_USER_PATHS = NO;
				ASSETCATALOG_COMPILER_GENERATE_SWIFT_ASSET_SYMBOL_EXTENSIONS = YES;
				CLANG_ANALYZER_NONNULL = YES;
				CLANG_ANALYZER_NUMBER_OBJECT_CONVERSION = YES_AGGRESSIVE;
				CLANG_CXX_LANGUAGE_STANDARD = "gnu++20";
				CLANG_ENABLE_MODULES = YES;
				CLANG_ENABLE_OBJC_ARC = YES;
				CLANG_ENABLE_OBJC_WEAK = YES;
				CLANG_WARN_BLOCK_CAPTURE_AUTORELEASING = YES;
				CLANG_WARN_BOOL_CONVERSION = YES;
				CLANG_WARN_COMMA = YES;
				CLANG_WARN_CONSTANT_CONVERSION = YES;
				CLANG_WARN_DEPRECATED_OBJC_IMPLEMENTATIONS = YES;
				CLANG_WARN_DIRECT_OBJC_ISA_USAGE = YES_ERROR;
				CLANG_WARN_DOCUMENTATION_COMMENTS = YES;
				CLANG_WARN_EMPTY_BODY = YES;
				CLANG_WARN_ENUM_CONVERSION = YES;
				CLANG_WARN_INFINITE_RECURSION = YES;
				CLANG_WARN_INT_CONVERSION = YES;
				CLANG_WARN_NON_LITERAL_NULL_CONVERSION = YES;
				CLANG_WARN_OBJC_IMPLICIT_RETAIN_SELF = YES;
				CLANG_WARN_OBJC_LITERAL_CONVERSION = YES;
				CLANG_WARN_OBJC_ROOT_CLASS = YES_ERROR;
				CLANG_WARN_QUOTED_INCLUDE_IN_FRAMEWORK_HEADER = YES;
				CLANG_WARN_RANGE_LOOP_ANALYSIS = YES;
				CLANG_WARN_STRICT_PROTOTYPES = YES;
				CLANG_WARN_SUSPICIOUS_MOVE = YES;
				CLANG_WARN_UNGUARDED_AVAILABILITY = YES_AGGRESSIVE;
				CLANG_WARN_UNREACHABLE_CODE = YES;
				CLANG_WARN__DUPLICATE_METHOD_MATCH = YES;
				COPY_PHASE_STRIP = NO;
				DEBUG_INFORMATION_FORMAT = "dwarf-with-dsym";
				ENABLE_NS_ASSERTIONS = NO;
				ENABLE_STRICT_OBJC_MSGSEND = YES;
				ENABLE_USER_SCRIPT_SANDBOXING = YES;
				GCC_C_LANGUAGE_STANDARD = gnu17;
				GCC_NO_COMMON_BLOCKS = YES;
				GCC_WARN_64_TO_32_BIT_CONVERSION = YES;
				GCC_WARN_ABOUT_RETURN_TYPE = YES_ERROR;
				GCC_WARN_UNDECLARED_SELECTOR = YES;
				GCC_WARN_UNINITIALIZED_AUTOS = YES_AGGRESSIVE;
				GCC_WARN_UNUSED_FUNCTION = YES;
				GCC_WARN_UNUSED_VARIABLE = YES;
				IPHONEOS_DEPLOYMENT_TARGET = 17.2;
				LOCALIZATION_PREFERS_STRING_CATALOGS = YES;
				MTL_ENABLE_DEBUG_INFO = NO;
				MTL_FAST_MATH = YES;
				SDKROOT = iphoneos;
				SWIFT_COMPILATION_MODE = wholemodule;
				VALIDATE_PRODUCT = YES;
			};
			name = Release;
		};
		F5F362072B7A3EF600E922E2 /* Debug */ = {
			isa = XCBuildConfiguration;
			buildSettings = {
				ASSETCATALOG_COMPILER_APPICON_NAME = AppIcon;
				ASSETCATALOG_COMPILER_GLOBAL_ACCENT_COLOR_NAME = AccentColor;
				CODE_SIGN_STYLE = Automatic;
				CURRENT_PROJECT_VERSION = 1;
				DEVELOPMENT_ASSET_PATHS = "\"AFS/Preview Content\"";
				DEVELOPMENT_TEAM = J5784WLHF2;
				ENABLE_PREVIEWS = YES;
				GENERATE_INFOPLIST_FILE = YES;
				INFOPLIST_KEY_UIApplicationSceneManifest_Generation = YES;
				INFOPLIST_KEY_UIApplicationSupportsIndirectInputEvents = YES;
				INFOPLIST_KEY_UILaunchScreen_Generation = YES;
				INFOPLIST_KEY_UISupportedInterfaceOrientations_iPad = "UIInterfaceOrientationPortrait UIInterfaceOrientationPortraitUpsideDown UIInterfaceOrientationLandscapeLeft UIInterfaceOrientationLandscapeRight";
				INFOPLIST_KEY_UISupportedInterfaceOrientations_iPhone = "UIInterfaceOrientationPortrait UIInterfaceOrientationLandscapeLeft UIInterfaceOrientationLandscapeRight";
				LD_RUNPATH_SEARCH_PATHS = (
					"$(inherited)",
					"@executable_path/Frameworks",
				);
				MARKETING_VERSION = 1.0;
				PRODUCT_BUNDLE_IDENTIFIER = com.tlb.AFS;
				PRODUCT_NAME = "$(TARGET_NAME)";
				SWIFT_EMIT_LOC_STRINGS = YES;
				SWIFT_VERSION = 5.0;
				TARGETED_DEVICE_FAMILY = "1,2";
			};
			name = Debug;
		};
		F5F362082B7A3EF600E922E2 /* Release */ = {
			isa = XCBuildConfiguration;
			buildSettings = {
				ASSETCATALOG_COMPILER_APPICON_NAME = AppIcon;
				ASSETCATALOG_COMPILER_GLOBAL_ACCENT_COLOR_NAME = AccentColor;
				CODE_SIGN_STYLE = Automatic;
				CURRENT_PROJECT_VERSION = 1;
				DEVELOPMENT_ASSET_PATHS = "\"AFS/Preview Content\"";
				DEVELOPMENT_TEAM = J5784WLHF2;
				ENABLE_PREVIEWS = YES;
				GENERATE_INFOPLIST_FILE = YES;
				INFOPLIST_KEY_UIApplicationSceneManifest_Generation = YES;
				INFOPLIST_KEY_UIApplicationSupportsIndirectInputEvents = YES;
				INFOPLIST_KEY_UILaunchScreen_Generation = YES;
				INFOPLIST_KEY_UISupportedInterfaceOrientations_iPad = "UIInterfaceOrientationPortrait UIInterfaceOrientationPortraitUpsideDown UIInterfaceOrientationLandscapeLeft UIInterfaceOrientationLandscapeRight";
				INFOPLIST_KEY_UISupportedInterfaceOrientations_iPhone = "UIInterfaceOrientationPortrait UIInterfaceOrientationLandscapeLeft UIInterfaceOrientationLandscapeRight";
				LD_RUNPATH_SEARCH_PATHS = (
					"$(inherited)",
					"@executable_path/Frameworks",
				);
				MARKETING_VERSION = 1.0;
				PRODUCT_BUNDLE_IDENTIFIER = com.tlb.AFS;
				PRODUCT_NAME = "$(TARGET_NAME)";
				SWIFT_EMIT_LOC_STRINGS = YES;
				SWIFT_VERSION = 5.0;
				TARGETED_DEVICE_FAMILY = "1,2";
			};
			name = Release;
		};
/* End XCBuildConfiguration section */

/* Begin XCConfigurationList section */
		F5F361F32B7A3EF500E922E2 /* Build configuration list for PBXProject "NSBarcelona-Feb24" */ = {
			isa = XCConfigurationList;
			buildConfigurations = (
				F5F362042B7A3EF600E922E2 /* Debug */,
				F5F362052B7A3EF600E922E2 /* Release */,
			);
			defaultConfigurationIsVisible = 0;
			defaultConfigurationName = Release;
		};
		F5F362062B7A3EF600E922E2 /* Build configuration list for PBXNativeTarget "NSBarcelona-Feb24" */ = {
			isa = XCConfigurationList;
			buildConfigurations = (
				F5F362072B7A3EF600E922E2 /* Debug */,
				F5F362082B7A3EF600E922E2 /* Release */,
			);
			defaultConfigurationIsVisible = 0;
			defaultConfigurationName = Release;
		};
/* End XCConfigurationList section */
	};
	rootObject = F5F361F02B7A3EF500E922E2 /* Project object */;
}
